
Microsoft Visual Studio Solution File, Format Version 12.00
# Visual Studio Version 16
VisualStudioVersion = 16.0.29920.165
MinimumVisualStudioVersion = 10.0.40219.1
Project("{9A19103F-16F7-4668-BE54-9A1E7A4F7556}") = "FAQ.Datas", "FAQ.Datas\FAQ.Datas.csproj", "{57DBA6EB-D626-4FDC-816E-36281F1631C0}"
EndProject
Project("{9A19103F-16F7-4668-BE54-9A1E7A4F7556}") = "FAQ.Tests", "FAQ.Tests\FAQ.Tests.csproj", "{17CE1C66-7E2E-4FC4-8A12-0636B47EE5D1}"
EndProject
Project("{2150E333-8FDC-42A3-9474-1A3956D46DE8}") = "GithubAction", "GithubAction", "{3B879BC8-33A2-4AEA-B279-162FF7260B8F}"
	ProjectSection(SolutionItems) = preProject
		..\.github\workflows\dotnet.yml = ..\.github\workflows\dotnet.yml
	EndProjectSection
EndProject
Project("{FAE04EC0-301F-11D3-BF4B-00C04F79EFBC}") = "FAQ.API", "FAQ.API\FAQ.API.csproj", "{5430D6C1-1C61-4A8B-B281-FB9EB7ED0FC1}"
EndProject
Global
	GlobalSection(SolutionConfigurationPlatforms) = preSolution
		Debug|Any CPU = Debug|Any CPU
		Release|Any CPU = Release|Any CPU
	EndGlobalSection
	GlobalSection(ProjectConfigurationPlatforms) = postSolution
		{57DBA6EB-D626-4FDC-816E-36281F1631C0}.Debug|Any CPU.ActiveCfg = Debug|Any CPU
		{57DBA6EB-D626-4FDC-816E-36281F1631C0}.Debug|Any CPU.Build.0 = Debug|Any CPU
		{57DBA6EB-D626-4FDC-816E-36281F1631C0}.Release|Any CPU.ActiveCfg = Release|Any CPU
		{57DBA6EB-D626-4FDC-816E-36281F1631C0}.Release|Any CPU.Build.0 = Release|Any CPU
		{17CE1C66-7E2E-4FC4-8A12-0636B47EE5D1}.Debug|Any CPU.ActiveCfg = Debug|Any CPU
		{17CE1C66-7E2E-4FC4-8A12-0636B47EE5D1}.Debug|Any CPU.Build.0 = Debug|Any CPU
		{17CE1C66-7E2E-4FC4-8A12-0636B47EE5D1}.Release|Any CPU.ActiveCfg = Release|Any CPU
		{17CE1C66-7E2E-4FC4-8A12-0636B47EE5D1}.Release|Any CPU.Build.0 = Release|Any CPU
		{5430D6C1-1C61-4A8B-B281-FB9EB7ED0FC1}.Debug|Any CPU.ActiveCfg = Debug|Any CPU
		{5430D6C1-1C61-4A8B-B281-FB9EB7ED0FC1}.Debug|Any CPU.Build.0 = Debug|Any CPU
		{5430D6C1-1C61-4A8B-B281-FB9EB7ED0FC1}.Release|Any CPU.ActiveCfg = Release|Any CPU
		{5430D6C1-1C61-4A8B-B281-FB9EB7ED0FC1}.Release|Any CPU.Build.0 = Release|Any CPU
	EndGlobalSection
	GlobalSection(SolutionProperties) = preSolution
		HideSolutionNode = FALSE
	EndGlobalSection
	GlobalSection(ExtensibilityGlobals) = postSolution
		SolutionGuid = {D73F3971-3E2B-4A0A-B59A-21FF8998C5DE}
	EndGlobalSection
EndGlobal
